
Microsoft Visual Studio Solution File, Format Version 12.00
# Visual Studio 15
VisualStudioVersion = 15.0.28307.271
MinimumVisualStudioVersion = 10.0.40219.1
Project("{FAE04EC0-301F-11D3-BF4B-00C04F79EFBC}") = "DemoArbolConsola", "DemoArbolConsola\DemoArbolConsola.csproj", "{406DA2A8-55EC-46FB-9B01-C49E7DC60860}"
EndProject
Global
	GlobalSection(SolutionConfigurationPlatforms) = preSolution
		Debug|Any CPU = Debug|Any CPU
		Release|Any CPU = Release|Any CPU
	EndGlobalSection
	GlobalSection(ProjectConfigurationPlatforms) = postSolution
		{406DA2A8-55EC-46FB-9B01-C49E7DC60860}.Debug|Any CPU.ActiveCfg = Debug|Any CPU
		{406DA2A8-55EC-46FB-9B01-C49E7DC60860}.Debug|Any CPU.Build.0 = Debug|Any CPU
		{406DA2A8-55EC-46FB-9B01-C49E7DC60860}.Release|Any CPU.ActiveCfg = Release|Any CPU
		{406DA2A8-55EC-46FB-9B01-C49E7DC60860}.Release|Any CPU.Build.0 = Release|Any CPU
	EndGlobalSection
	GlobalSection(SolutionProperties) = preSolution
		HideSolutionNode = FALSE
	EndGlobalSection
	GlobalSection(ExtensibilityGlobals) = postSolution
		SolutionGuid = {397E651A-DBC2-4763-A44E-3C2FE360A171}
	EndGlobalSection
EndGlobal
